{
  "name": "ten-things-i-love-about-pg",
  "version": "1.0.0",
  "lockfileVersion": 1,
  "requires": true,
  "dependencies": {
    "@cspotcode/source-map-consumer": {
      "version": "0.8.0",
      "resolved": "https://artifactory.secureserver.net/artifactory/api/npm/node-virt/@cspotcode/source-map-consumer/-/source-map-consumer-0.8.0.tgz",
      "integrity": "sha1-M79LeznBeIIWBvZpu8RHpqYpeGs=",
      "dev": true
    },
    "@cspotcode/source-map-support": {
      "version": "0.7.0",
      "resolved": "https://artifactory.secureserver.net/artifactory/api/npm/node-virt/@cspotcode/source-map-support/-/source-map-support-0.7.0.tgz",
      "integrity": "sha1-R4mECqhZ5G0vMXNyercHxmvzRPU=",
      "dev": true,
      "requires": {
        "@cspotcode/source-map-consumer": "0.8.0"
      }
    },
    "@tsconfig/node10": {
      "version": "1.0.8",
      "resolved": "https://artifactory.secureserver.net/artifactory/api/npm/node-virt/@tsconfig/node10/-/node10-1.0.8.tgz",
      "integrity": "sha1-weToDW+WT77LM1nEO9SLQPfK2tk=",
      "dev": true
    },
    "@tsconfig/node12": {
      "version": "1.0.9",
      "resolved": "https://artifactory.secureserver.net/artifactory/api/npm/node-virt/@tsconfig/node12/-/node12-1.0.9.tgz",
      "integrity": "sha1-YsH23uLr2a6tgNw6+laBDljhoEw=",
      "dev": true
    },
    "@tsconfig/node14": {
      "version": "1.0.1",
      "resolved": "https://artifactory.secureserver.net/artifactory/api/npm/node-virt/@tsconfig/node14/-/node14-1.0.1.tgz",
      "integrity": "sha1-lfLRZ/+5uNIGiwsjUwL6/U33EfI=",
      "dev": true
    },
    "@tsconfig/node16": {
      "version": "1.0.2",
      "resolved": "https://artifactory.secureserver.net/artifactory/api/npm/node-virt/@tsconfig/node16/-/node16-1.0.2.tgz",
      "integrity": "sha1-Qjx3h30Fadsg4fyAiFrEEYMUAQ4=",
      "dev": true
    },
    "@types/node": {
      "version": "16.11.1",
      "resolved": "https://artifactory.secureserver.net/artifactory/api/npm/node-virt/@types/node/-/node-16.11.1.tgz",
      "integrity": "sha1-LlCmSaUPxANDOhT4Ke+s4aNEPpc=",
      "dev": true
    },
    "@types/pg": {
      "version": "8.6.1",
      "resolved": "https://artifactory.secureserver.net/artifactory/api/npm/node-virt/@types/pg/-/pg-8.6.1.tgz",
      "integrity": "sha1-CZRQuNyXfoGXpE9SKc7e+VyHR/k=",
      "dev": true,
      "requires": {
        "@types/node": "*",
        "pg-protocol": "*",
        "pg-types": "^2.2.0"
      }
    },
    "acorn": {
      "version": "8.5.0",
      "resolved": "https://artifactory.secureserver.net/artifactory/api/npm/node-virt/acorn/-/acorn-8.5.0.tgz",
      "integrity": "sha1-RRLMuZs2mMdSWR6btEcuOK1DzuI=",
      "dev": true
    },
    "acorn-walk": {
      "version": "8.2.0",
      "resolved": "https://artifactory.secureserver.net/artifactory/api/npm/node-virt/acorn-walk/-/acorn-walk-8.2.0.tgz",
      "integrity": "sha1-dBIQ8uJCZFRQiFOi9E0KuDt/acE=",
      "dev": true
    },
    "arg": {
      "version": "4.1.3",
      "resolved": "https://artifactory.secureserver.net/artifactory/api/npm/node-virt/arg/-/arg-4.1.3.tgz",
      "integrity": "sha1-Jp/HrVuOQstjyJbVZmAXJhwUQIk=",
      "dev": true
    },
    "buffer-writer": {
      "version": "2.0.0",
      "resolved": "https://artifactory.secureserver.net/artifactory/api/npm/node-virt/buffer-writer/-/buffer-writer-2.0.0.tgz",
      "integrity": "sha1-zn64Gjj3gp2wnIc/L7t5LAyY7AQ="
    },
    "create-require": {
      "version": "1.1.1",
      "resolved": "https://artifactory.secureserver.net/artifactory/api/npm/node-virt/create-require/-/create-require-1.1.1.tgz",
      "integrity": "sha1-wdfo8eX2z8n/ZfnNNS03NIdWwzM=",
      "dev": true
    },
    "diff": {
      "version": "4.0.2",
      "resolved": "https://artifactory.secureserver.net/artifactory/api/npm/node-virt/diff/-/diff-4.0.2.tgz",
      "integrity": "sha1-YPOuy4nV+uUgwRqhnvwruYKq3n0=",
      "dev": true
    },
    "inherits": {
      "version": "2.0.4",
      "resolved": "https://artifactory.secureserver.net/artifactory/api/npm/node-virt/inherits/-/inherits-2.0.4.tgz",
      "integrity": "sha1-D6LGT5MpF8NDOg3tVTY6rjdBa3w="
    },
    "make-error": {
      "version": "1.3.6",
      "resolved": "https://artifactory.secureserver.net/artifactory/api/npm/node-virt/make-error/-/make-error-1.3.6.tgz",
      "integrity": "sha1-LrLjfqm2fEiR9oShOUeZr0hM96I=",
      "dev": true
    },
    "packet-reader": {
      "version": "1.0.0",
      "resolved": "https://artifactory.secureserver.net/artifactory/api/npm/node-virt/packet-reader/-/packet-reader-1.0.0.tgz",
      "integrity": "sha1-kjjlSA3tq6z+H+PydxBj8WQVfXQ="
    },
    "pg": {
      "version": "8.7.1",
      "resolved": "https://artifactory.secureserver.net/artifactory/api/npm/node-virt/pg/-/pg-8.7.1.tgz",
      "integrity": "sha1-nqnR7CJZgMNvlOGB0Amrn0zkxHE=",
      "requires": {
        "buffer-writer": "2.0.0",
        "packet-reader": "1.0.0",
        "pg-connection-string": "^2.5.0",
        "pg-pool": "^3.4.1",
        "pg-protocol": "^1.5.0",
        "pg-types": "^2.1.0",
        "pgpass": "1.x"
      }
    },
    "pg-connection-string": {
      "version": "2.5.0",
      "resolved": "https://artifactory.secureserver.net/artifactory/api/npm/node-virt/pg-connection-string/-/pg-connection-string-2.5.0.tgz",
      "integrity": "sha1-U4yt0PfmA/wJoSWQ87ikUsLAzzQ="
    },
    "pg-int8": {
      "version": "1.0.1",
      "resolved": "https://artifactory.secureserver.net/artifactory/api/npm/node-virt/pg-int8/-/pg-int8-1.0.1.tgz",
      "integrity": "sha1-lDvUY79bcbQXARX4D478mgwOt4w="
    },
    "pg-pool": {
      "version": "3.4.1",
      "resolved": "https://artifactory.secureserver.net/artifactory/api/npm/node-virt/pg-pool/-/pg-pool-3.4.1.tgz",
      "integrity": "sha1-DnHOLGe0QqXoYqnBghcsN+2nHpw="
    },
    "pg-protocol": {
      "version": "1.5.0",
      "resolved": "https://artifactory.secureserver.net/artifactory/api/npm/node-virt/pg-protocol/-/pg-protocol-1.5.0.tgz",
      "integrity": "sha1-td1FIlcxRWXi1UqzwTKtxGVlpqA="
    },
    "pg-types": {
      "version": "2.2.0",
      "resolved": "https://artifactory.secureserver.net/artifactory/api/npm/node-virt/pg-types/-/pg-types-2.2.0.tgz",
      "integrity": "sha1-LQJQ1jZFT3z6O2rgOC/fqAYyVKM=",
      "requires": {
        "pg-int8": "1.0.1",
        "postgres-array": "~2.0.0",
        "postgres-bytea": "~1.0.0",
        "postgres-date": "~1.0.4",
        "postgres-interval": "^1.1.0"
      }
    },
    "pgpass": {
      "version": "1.0.4",
      "resolved": "https://artifactory.secureserver.net/artifactory/api/npm/node-virt/pgpass/-/pgpass-1.0.4.tgz",
      "integrity": "sha1-heuTqDgAsg+AV6KwKb8Fq6+U6pw=",
      "requires": {
        "split2": "^3.1.1"
      }
    },
    "postgres-array": {
      "version": "2.0.0",
      "resolved": "https://artifactory.secureserver.net/artifactory/api/npm/node-virt/postgres-array/-/postgres-array-2.0.0.tgz",
      "integrity": "sha1-SPj84FT7xpZxmZMpuINLdyZS2C4="
    },
    "postgres-bytea": {
      "version": "1.0.0",
      "resolved": "https://artifactory.secureserver.net/artifactory/api/npm/node-virt/postgres-bytea/-/postgres-bytea-1.0.0.tgz",
      "integrity": "sha1-AntTPAqokOJtFy1Hz5zOzFIazTU="
    },
    "postgres-date": {
      "version": "1.0.7",
      "resolved": "https://artifactory.secureserver.net/artifactory/api/npm/node-virt/postgres-date/-/postgres-date-1.0.7.tgz",
      "integrity": "sha1-UbwIYAYAXlBhxZHO5yfyUxv2Qag="
    },
    "postgres-interval": {
      "version": "1.2.0",
      "resolved": "https://artifactory.secureserver.net/artifactory/api/npm/node-virt/postgres-interval/-/postgres-interval-1.2.0.tgz",
      "integrity": "sha1-tGDILLFYdQd4iBmgaqD//bNURpU=",
      "requires": {
        "xtend": "^4.0.0"
      }
    },
    "readable-stream": {
      "version": "3.6.0",
      "resolved": "https://artifactory.secureserver.net/artifactory/api/npm/node-virt/readable-stream/-/readable-stream-3.6.0.tgz",
      "integrity": "sha1-M3u9o63AcGvT4CRCaihtS0sskZg=",
      "requires": {
        "inherits": "^2.0.3",
        "string_decoder": "^1.1.1",
        "util-deprecate": "^1.0.1"
      }
    },
    "safe-buffer": {
      "version": "5.2.1",
      "resolved": "https://artifactory.secureserver.net/artifactory/api/npm/node-virt/safe-buffer/-/safe-buffer-5.2.1.tgz",
      "integrity": "sha1-Hq+fqb2x/dTsdfWPnNtOa3gn7sY="
    },
    "split2": {
      "version": "3.2.2",
      "resolved": "https://artifactory.secureserver.net/artifactory/api/npm/node-virt/split2/-/split2-3.2.2.tgz",
      "integrity": "sha1-vyzyo32DgxLCSciSBv16F90SNl8=",
      "requires": {
        "readable-stream": "^3.0.0"
      }
    },
    "string_decoder": {
      "version": "1.3.0",
      "resolved": "https://artifactory.secureserver.net/artifactory/api/npm/node-virt/string_decoder/-/string_decoder-1.3.0.tgz",
      "integrity": "sha1-QvEUWUpGzxqOMLCoT1bHjD7awh4=",
      "requires": {
        "safe-buffer": "~5.2.0"
      }
    },
    "ts-node": {
      "version": "10.3.0",
      "resolved": "https://artifactory.secureserver.net/artifactory/api/npm/node-virt/ts-node/-/ts-node-10.3.0.tgz",
      "integrity": "sha1-p5fy7T/1DJpdgUzkAEN8sMHASLQ=",
      "dev": true,
      "requires": {
        "@cspotcode/source-map-support": "0.7.0",
        "@tsconfig/node10": "^1.0.7",
        "@tsconfig/node12": "^1.0.7",
        "@tsconfig/node14": "^1.0.0",
        "@tsconfig/node16": "^1.0.2",
        "acorn": "^8.4.1",
        "acorn-walk": "^8.1.1",
        "arg": "^4.1.0",
        "create-require": "^1.1.0",
        "diff": "^4.0.1",
        "make-error": "^1.1.1",
        "yn": "3.1.1"
      }
    },
    "typescript": {
      "version": "4.4.4",
      "resolved": "https://artifactory.secureserver.net/artifactory/api/npm/node-virt/typescript/-/typescript-4.4.4.tgz",
      "integrity": "sha1-LNAaGh8WBwTTEB/VpY/w+fy4Aww=",
      "dev": true
    },
    "util-deprecate": {
      "version": "1.0.2",
      "resolved": "https://artifactory.secureserver.net/artifactory/api/npm/node-virt/util-deprecate/-/util-deprecate-1.0.2.tgz",
      "integrity": "sha1-RQ1Nyfpw3nMnYvvS1KKJgUGaDM8="
    },
    "xtend": {
      "version": "4.0.2",
      "resolved": "https://artifactory.secureserver.net/artifactory/api/npm/node-virt/xtend/-/xtend-4.0.2.tgz",
      "integrity": "sha1-u3J3n1+kZRhrH0OPZ0+jR/2121Q="
    },
    "yn": {
      "version": "3.1.1",
      "resolved": "https://artifactory.secureserver.net/artifactory/api/npm/node-virt/yn/-/yn-3.1.1.tgz",
      "integrity": "sha1-HodAGgnXZ8HV6rJqbkwYUYLS61A=",
      "dev": true
    }
  }
}
